
Microsoft Visual Studio Solution File, Format Version 12.00
Project("{9A19103F-16F7-4668-BE54-9A1E7A4F7556}") = "GameServicesCloud.Accounts", "GameServicesCloud.Accounts\GameServicesCloud.Accounts.csproj", "{00405958-D20B-40EE-AA52-27A7DC3BA0FA}"
EndProject
Project("{9A19103F-16F7-4668-BE54-9A1E7A4F7556}") = "GameServicesCloud.Accounts.Data", "GameServicesCloud.Accounts.Data\GameServicesCloud.Accounts.Data.csproj", "{D04BCE76-C4B4-4AF6-93F5-37868825C1D4}"
EndProject
Project("{9A19103F-16F7-4668-BE54-9A1E7A4F7556}") = "GameServicesCloud.Shared", "GameServicesCloud.Shared\GameServicesCloud.Shared.csproj", "{CF217312-9BB7-4315-A043-46E17AEAEA5F}"
EndProject
Project("{9A19103F-16F7-4668-BE54-9A1E7A4F7556}") = "GameServicesCloud.Shared.Abstractions", "GameServicesCloud.Shared.Abstractions\GameServicesCloud.Shared.Abstractions.csproj", "{9C39380D-2566-4B09-98B8-9B96E0D454A7}"
EndProject
Project("{9A19103F-16F7-4668-BE54-9A1E7A4F7556}") = "GameServicesCloud.Accounts.Abstractions", "GameServicesCloud.Accounts.Abstractions\GameServicesCloud.Accounts.Abstractions.csproj", "{D31BBF24-19C5-4E14-A123-F44E85FC9B19}"
EndProject
Project("{9A19103F-16F7-4668-BE54-9A1E7A4F7556}") = "GameServicesCloud.UI", "GameServicesCloud.UI\GameServicesCloud.UI.csproj", "{874F2AF0-B2A5-4B62-8A21-08A00E0C5A2A}"
EndProject
Global
	GlobalSection(SolutionConfigurationPlatforms) = preSolution
		Debug|Any CPU = Debug|Any CPU
		Release|Any CPU = Release|Any CPU
	EndGlobalSection
	GlobalSection(ProjectConfigurationPlatforms) = postSolution
		{00405958-D20B-40EE-AA52-27A7DC3BA0FA}.Debug|Any CPU.ActiveCfg = Debug|Any CPU
		{00405958-D20B-40EE-AA52-27A7DC3BA0FA}.Debug|Any CPU.Build.0 = Debug|Any CPU
		{00405958-D20B-40EE-AA52-27A7DC3BA0FA}.Release|Any CPU.ActiveCfg = Release|Any CPU
		{00405958-D20B-40EE-AA52-27A7DC3BA0FA}.Release|Any CPU.Build.0 = Release|Any CPU
		{D04BCE76-C4B4-4AF6-93F5-37868825C1D4}.Debug|Any CPU.ActiveCfg = Debug|Any CPU
		{D04BCE76-C4B4-4AF6-93F5-37868825C1D4}.Debug|Any CPU.Build.0 = Debug|Any CPU
		{D04BCE76-C4B4-4AF6-93F5-37868825C1D4}.Release|Any CPU.ActiveCfg = Release|Any CPU
		{D04BCE76-C4B4-4AF6-93F5-37868825C1D4}.Release|Any CPU.Build.0 = Release|Any CPU
		{CF217312-9BB7-4315-A043-46E17AEAEA5F}.Debug|Any CPU.ActiveCfg = Debug|Any CPU
		{CF217312-9BB7-4315-A043-46E17AEAEA5F}.Debug|Any CPU.Build.0 = Debug|Any CPU
		{CF217312-9BB7-4315-A043-46E17AEAEA5F}.Release|Any CPU.ActiveCfg = Release|Any CPU
		{CF217312-9BB7-4315-A043-46E17AEAEA5F}.Release|Any CPU.Build.0 = Release|Any CPU
		{9C39380D-2566-4B09-98B8-9B96E0D454A7}.Debug|Any CPU.ActiveCfg = Debug|Any CPU
		{9C39380D-2566-4B09-98B8-9B96E0D454A7}.Debug|Any CPU.Build.0 = Debug|Any CPU
		{9C39380D-2566-4B09-98B8-9B96E0D454A7}.Release|Any CPU.ActiveCfg = Release|Any CPU
		{9C39380D-2566-4B09-98B8-9B96E0D454A7}.Release|Any CPU.Build.0 = Release|Any CPU
		{D31BBF24-19C5-4E14-A123-F44E85FC9B19}.Debug|Any CPU.ActiveCfg = Debug|Any CPU
		{D31BBF24-19C5-4E14-A123-F44E85FC9B19}.Debug|Any CPU.Build.0 = Debug|Any CPU
		{D31BBF24-19C5-4E14-A123-F44E85FC9B19}.Release|Any CPU.ActiveCfg = Release|Any CPU
		{D31BBF24-19C5-4E14-A123-F44E85FC9B19}.Release|Any CPU.Build.0 = Release|Any CPU
		{874F2AF0-B2A5-4B62-8A21-08A00E0C5A2A}.Debug|Any CPU.ActiveCfg = Debug|Any CPU
		{874F2AF0-B2A5-4B62-8A21-08A00E0C5A2A}.Debug|Any CPU.Build.0 = Debug|Any CPU
		{874F2AF0-B2A5-4B62-8A21-08A00E0C5A2A}.Release|Any CPU.ActiveCfg = Release|Any CPU
		{874F2AF0-B2A5-4B62-8A21-08A00E0C5A2A}.Release|Any CPU.Build.0 = Release|Any CPU
	EndGlobalSection
EndGlobal
